
Microsoft Visual Studio Solution File, Format Version 12.00
#
Project("{FAE04EC0-301F-11D3-BF4B-00C04F79EFBC}") = "Application", "src\Application\Application.csproj", "{9DDBE97C-05CE-450D-82C2-34BB6A5D58F9}"
EndProject
Project("{FAE04EC0-301F-11D3-BF4B-00C04F79EFBC}") = "Domain", "src\Domain\Domain.csproj", "{075BACE1-605D-47B9-8E30-D650B843347F}"
EndProject
Project("{FAE04EC0-301F-11D3-BF4B-00C04F79EFBC}") = "Presentation", "src\Presentation\Presentation.csproj", "{EB443F1C-1FF6-47F9-9118-20DA339948AC}"
EndProject
Project("{FAE04EC0-301F-11D3-BF4B-00C04F79EFBC}") = "Web", "src\Web\Web.csproj", "{93EB2304-C1BB-4170-A24B-FC7C22B20D03}"
EndProject
Project("{2150E333-8FDC-42A3-9474-1A3956D46DE8}") = "src", "src", "{0AA7063E-1A81-4600-9CA0-12770277F4C6}"
EndProject
Project("{FAE04EC0-301F-11D3-BF4B-00C04F79EFBC}") = "Infrastructure", "src\Infrastructure\Infrastructure.csproj", "{19D5F5EC-8AC2-487B-9497-878AC2FFB718}"
EndProject
Project("{2150E333-8FDC-42A3-9474-1A3956D46DE8}") = "cmd", "cmd", "{38CEBD32-73DC-4FCC-A86F-901593C38CBF}"
EndProject
Project("{FAE04EC0-301F-11D3-BF4B-00C04F79EFBC}") = "CmdWebApi", "cmd\CmdWebApi\CmdWebApi.csproj", "{74B25361-6AED-40D9-8CE5-862A21077F5C}"
EndProject
Project("{FAE04EC0-301F-11D3-BF4B-00C04F79EFBC}") = "CmdСonsoleApp", "cmd\CmdConsoleApp\CmdСonsoleApp.csproj", "{EEE9545B-96DC-4C6F-8104-8BFAAA8517C4}"
EndProject
Global
	GlobalSection(SolutionConfigurationPlatforms) = preSolution
		Debug|Any CPU = Debug|Any CPU
		Release|Any CPU = Release|Any CPU
	EndGlobalSection
	GlobalSection(ProjectConfigurationPlatforms) = postSolution
		{9DDBE97C-05CE-450D-82C2-34BB6A5D58F9}.Debug|Any CPU.ActiveCfg = Debug|Any CPU
		{9DDBE97C-05CE-450D-82C2-34BB6A5D58F9}.Debug|Any CPU.Build.0 = Debug|Any CPU
		{9DDBE97C-05CE-450D-82C2-34BB6A5D58F9}.Release|Any CPU.ActiveCfg = Release|Any CPU
		{9DDBE97C-05CE-450D-82C2-34BB6A5D58F9}.Release|Any CPU.Build.0 = Release|Any CPU
		{075BACE1-605D-47B9-8E30-D650B843347F}.Debug|Any CPU.ActiveCfg = Debug|Any CPU
		{075BACE1-605D-47B9-8E30-D650B843347F}.Debug|Any CPU.Build.0 = Debug|Any CPU
		{075BACE1-605D-47B9-8E30-D650B843347F}.Release|Any CPU.ActiveCfg = Release|Any CPU
		{075BACE1-605D-47B9-8E30-D650B843347F}.Release|Any CPU.Build.0 = Release|Any CPU
		{EB443F1C-1FF6-47F9-9118-20DA339948AC}.Debug|Any CPU.ActiveCfg = Debug|Any CPU
		{EB443F1C-1FF6-47F9-9118-20DA339948AC}.Debug|Any CPU.Build.0 = Debug|Any CPU
		{EB443F1C-1FF6-47F9-9118-20DA339948AC}.Release|Any CPU.ActiveCfg = Release|Any CPU
		{EB443F1C-1FF6-47F9-9118-20DA339948AC}.Release|Any CPU.Build.0 = Release|Any CPU
		{93EB2304-C1BB-4170-A24B-FC7C22B20D03}.Debug|Any CPU.ActiveCfg = Debug|Any CPU
		{93EB2304-C1BB-4170-A24B-FC7C22B20D03}.Debug|Any CPU.Build.0 = Debug|Any CPU
		{93EB2304-C1BB-4170-A24B-FC7C22B20D03}.Release|Any CPU.ActiveCfg = Release|Any CPU
		{93EB2304-C1BB-4170-A24B-FC7C22B20D03}.Release|Any CPU.Build.0 = Release|Any CPU
		{19D5F5EC-8AC2-487B-9497-878AC2FFB718}.Debug|Any CPU.ActiveCfg = Debug|Any CPU
		{19D5F5EC-8AC2-487B-9497-878AC2FFB718}.Debug|Any CPU.Build.0 = Debug|Any CPU
		{19D5F5EC-8AC2-487B-9497-878AC2FFB718}.Release|Any CPU.ActiveCfg = Release|Any CPU
		{19D5F5EC-8AC2-487B-9497-878AC2FFB718}.Release|Any CPU.Build.0 = Release|Any CPU
		{74B25361-6AED-40D9-8CE5-862A21077F5C}.Debug|Any CPU.ActiveCfg = Debug|Any CPU
		{74B25361-6AED-40D9-8CE5-862A21077F5C}.Debug|Any CPU.Build.0 = Debug|Any CPU
		{74B25361-6AED-40D9-8CE5-862A21077F5C}.Release|Any CPU.ActiveCfg = Release|Any CPU
		{74B25361-6AED-40D9-8CE5-862A21077F5C}.Release|Any CPU.Build.0 = Release|Any CPU
		{EEE9545B-96DC-4C6F-8104-8BFAAA8517C4}.Debug|Any CPU.ActiveCfg = Debug|Any CPU
		{EEE9545B-96DC-4C6F-8104-8BFAAA8517C4}.Debug|Any CPU.Build.0 = Debug|Any CPU
		{EEE9545B-96DC-4C6F-8104-8BFAAA8517C4}.Release|Any CPU.ActiveCfg = Release|Any CPU
		{EEE9545B-96DC-4C6F-8104-8BFAAA8517C4}.Release|Any CPU.Build.0 = Release|Any CPU
	EndGlobalSection
	GlobalSection(NestedProjects) = preSolution
		{19D5F5EC-8AC2-487B-9497-878AC2FFB718} = {0AA7063E-1A81-4600-9CA0-12770277F4C6}
		{9DDBE97C-05CE-450D-82C2-34BB6A5D58F9} = {0AA7063E-1A81-4600-9CA0-12770277F4C6}
		{EB443F1C-1FF6-47F9-9118-20DA339948AC} = {0AA7063E-1A81-4600-9CA0-12770277F4C6}
		{075BACE1-605D-47B9-8E30-D650B843347F} = {0AA7063E-1A81-4600-9CA0-12770277F4C6}
		{93EB2304-C1BB-4170-A24B-FC7C22B20D03} = {0AA7063E-1A81-4600-9CA0-12770277F4C6}
		{74B25361-6AED-40D9-8CE5-862A21077F5C} = {38CEBD32-73DC-4FCC-A86F-901593C38CBF}
		{EEE9545B-96DC-4C6F-8104-8BFAAA8517C4} = {38CEBD32-73DC-4FCC-A86F-901593C38CBF}
	EndGlobalSection
EndGlobal
